
Microsoft Visual Studio Solution File, Format Version 12.00
# Visual Studio Version 17
VisualStudioVersion = 17.0.31612.314
MinimumVisualStudioVersion = 10.0.40219.1
Project("{9A19103F-16F7-4668-BE54-9A1E7A4F7556}") = "MultiCommentCollector", "MultiCommentCollector\MultiCommentCollector.csproj", "{26650B97-E9BE-44C3-B383-2445117E4EC7}"
EndProject
Project("{9A19103F-16F7-4668-BE54-9A1E7A4F7556}") = "MCC.Utility", "MCC.Utility\MCC.Utility.csproj", "{3A8D4021-F0B4-49D2-9F00-3E2BC4C97916}"
EndProject
Project("{9A19103F-16F7-4668-BE54-9A1E7A4F7556}") = "MCC.Plugin", "MCC.Plugin\MCC.Plugin.csproj", "{0795BAB5-94AF-4227-B76F-08698192B9ED}"
EndProject
Project("{9A19103F-16F7-4668-BE54-9A1E7A4F7556}") = "MCC.TwitCasting", "MCC.TwitCasting\MCC.TwitCasting.csproj", "{548EBC4B-B76E-45CF-9C41-663246919A47}"
EndProject
Project("{9A19103F-16F7-4668-BE54-9A1E7A4F7556}") = "MCC.Core", "MCC.Core\MCC.Core.csproj", "{39157C53-3D66-4788-A83F-47164816126D}"
EndProject
Project("{9A19103F-16F7-4668-BE54-9A1E7A4F7556}") = "MultiCommentCollectorCLI", "MultiCommentCollectorCLI\MultiCommentCollectorCLI.csproj", "{59674380-9CC7-4015-BC8F-1234FDE4C36D}"
EndProject
Project("{9A19103F-16F7-4668-BE54-9A1E7A4F7556}") = "MCC.Bouyomi", "MCC.Bouyomi\MCC.Bouyomi.csproj", "{7EE38C2E-05CE-49EC-9FFF-6A32BCFE4E29}"
EndProject
Project("{9A19103F-16F7-4668-BE54-9A1E7A4F7556}") = "MCC.Core.Win", "MCC.Core.Win\MCC.Core.Win.csproj", "{385402D3-5C30-4BEC-AF9E-619B57BB867B}"
EndProject
Project("{9A19103F-16F7-4668-BE54-9A1E7A4F7556}") = "MCC.Plugin.Win", "MCC.Plugin.Win\MCC.Plugin.Win.csproj", "{3A201758-1E00-48C8-8E97-C37BAACCF634}"
EndProject
Project("{9A19103F-16F7-4668-BE54-9A1E7A4F7556}") = "MCC.NicoLive", "MCC.NicoLive\MCC.NicoLive.csproj", "{44A3C958-87FC-4D55-ADEE-A0E43E76B112}"
EndProject
Project("{9A19103F-16F7-4668-BE54-9A1E7A4F7556}") = "MCC.Twitch", "MCC.Twitch\MCC.Twitch.csproj", "{16F15A31-0C93-45F8-939C-05F1E4AFF054}"
EndProject
Project("{FAE04EC0-301F-11D3-BF4B-00C04F79EFBC}") = "MCC.Youtube", "MCC.Youtube\MCC.Youtube.csproj", "{A9AC68AC-CB9D-4027-8197-0B7798B4A5E2}"
EndProject
Global
	GlobalSection(SolutionConfigurationPlatforms) = preSolution
		Debug|Any CPU = Debug|Any CPU
		Debug|Mac = Debug|Mac
		Debug|Win = Debug|Win
		Release|Any CPU = Release|Any CPU
		Release|Mac = Release|Mac
		Release|Win = Release|Win
	EndGlobalSection
	GlobalSection(ProjectConfigurationPlatforms) = postSolution
		{26650B97-E9BE-44C3-B383-2445117E4EC7}.Debug|Any CPU.ActiveCfg = Debug|Any CPU
		{26650B97-E9BE-44C3-B383-2445117E4EC7}.Debug|Any CPU.Build.0 = Debug|Any CPU
		{26650B97-E9BE-44C3-B383-2445117E4EC7}.Debug|Mac.ActiveCfg = Debug|Any CPU
		{26650B97-E9BE-44C3-B383-2445117E4EC7}.Debug|Win.ActiveCfg = Debug|Any CPU
		{26650B97-E9BE-44C3-B383-2445117E4EC7}.Debug|Win.Build.0 = Debug|Any CPU
		{26650B97-E9BE-44C3-B383-2445117E4EC7}.Release|Any CPU.ActiveCfg = Release|Any CPU
		{26650B97-E9BE-44C3-B383-2445117E4EC7}.Release|Any CPU.Build.0 = Release|Any CPU
		{26650B97-E9BE-44C3-B383-2445117E4EC7}.Release|Mac.ActiveCfg = Release|Any CPU
		{26650B97-E9BE-44C3-B383-2445117E4EC7}.Release|Win.ActiveCfg = Release|Any CPU
		{26650B97-E9BE-44C3-B383-2445117E4EC7}.Release|Win.Build.0 = Release|Any CPU
		{3A8D4021-F0B4-49D2-9F00-3E2BC4C97916}.Debug|Any CPU.ActiveCfg = Debug|Any CPU
		{3A8D4021-F0B4-49D2-9F00-3E2BC4C97916}.Debug|Any CPU.Build.0 = Debug|Any CPU
		{3A8D4021-F0B4-49D2-9F00-3E2BC4C97916}.Debug|Mac.ActiveCfg = Debug|Any CPU
		{3A8D4021-F0B4-49D2-9F00-3E2BC4C97916}.Debug|Mac.Build.0 = Debug|Any CPU
		{3A8D4021-F0B4-49D2-9F00-3E2BC4C97916}.Debug|Win.ActiveCfg = Debug|Any CPU
		{3A8D4021-F0B4-49D2-9F00-3E2BC4C97916}.Debug|Win.Build.0 = Debug|Any CPU
		{3A8D4021-F0B4-49D2-9F00-3E2BC4C97916}.Release|Any CPU.ActiveCfg = Release|Any CPU
		{3A8D4021-F0B4-49D2-9F00-3E2BC4C97916}.Release|Any CPU.Build.0 = Release|Any CPU
		{3A8D4021-F0B4-49D2-9F00-3E2BC4C97916}.Release|Mac.ActiveCfg = Release|Any CPU
		{3A8D4021-F0B4-49D2-9F00-3E2BC4C97916}.Release|Mac.Build.0 = Release|Any CPU
		{3A8D4021-F0B4-49D2-9F00-3E2BC4C97916}.Release|Win.ActiveCfg = Release|Any CPU
		{3A8D4021-F0B4-49D2-9F00-3E2BC4C97916}.Release|Win.Build.0 = Release|Any CPU
		{0795BAB5-94AF-4227-B76F-08698192B9ED}.Debug|Any CPU.ActiveCfg = Debug|Any CPU
		{0795BAB5-94AF-4227-B76F-08698192B9ED}.Debug|Any CPU.Build.0 = Debug|Any CPU
		{0795BAB5-94AF-4227-B76F-08698192B9ED}.Debug|Mac.ActiveCfg = Debug|Any CPU
		{0795BAB5-94AF-4227-B76F-08698192B9ED}.Debug|Mac.Build.0 = Debug|Any CPU
		{0795BAB5-94AF-4227-B76F-08698192B9ED}.Debug|Win.ActiveCfg = Debug|Any CPU
		{0795BAB5-94AF-4227-B76F-08698192B9ED}.Debug|Win.Build.0 = Debug|Any CPU
		{0795BAB5-94AF-4227-B76F-08698192B9ED}.Release|Any CPU.ActiveCfg = Release|Any CPU
		{0795BAB5-94AF-4227-B76F-08698192B9ED}.Release|Any CPU.Build.0 = Release|Any CPU
		{0795BAB5-94AF-4227-B76F-08698192B9ED}.Release|Mac.ActiveCfg = Release|Any CPU
		{0795BAB5-94AF-4227-B76F-08698192B9ED}.Release|Mac.Build.0 = Release|Any CPU
		{0795BAB5-94AF-4227-B76F-08698192B9ED}.Release|Win.ActiveCfg = Release|Any CPU
		{0795BAB5-94AF-4227-B76F-08698192B9ED}.Release|Win.Build.0 = Release|Any CPU
		{548EBC4B-B76E-45CF-9C41-663246919A47}.Debug|Any CPU.ActiveCfg = Debug|Any CPU
		{548EBC4B-B76E-45CF-9C41-663246919A47}.Debug|Any CPU.Build.0 = Debug|Any CPU
		{548EBC4B-B76E-45CF-9C41-663246919A47}.Debug|Mac.ActiveCfg = Debug|Any CPU
		{548EBC4B-B76E-45CF-9C41-663246919A47}.Debug|Mac.Build.0 = Debug|Any CPU
		{548EBC4B-B76E-45CF-9C41-663246919A47}.Debug|Win.ActiveCfg = Debug|Any CPU
		{548EBC4B-B76E-45CF-9C41-663246919A47}.Debug|Win.Build.0 = Debug|Any CPU
		{548EBC4B-B76E-45CF-9C41-663246919A47}.Release|Any CPU.ActiveCfg = Release|Any CPU
		{548EBC4B-B76E-45CF-9C41-663246919A47}.Release|Any CPU.Build.0 = Release|Any CPU
		{548EBC4B-B76E-45CF-9C41-663246919A47}.Release|Mac.ActiveCfg = Release|Any CPU
		{548EBC4B-B76E-45CF-9C41-663246919A47}.Release|Mac.Build.0 = Release|Any CPU
		{548EBC4B-B76E-45CF-9C41-663246919A47}.Release|Win.ActiveCfg = Release|Any CPU
		{548EBC4B-B76E-45CF-9C41-663246919A47}.Release|Win.Build.0 = Release|Any CPU
		{39157C53-3D66-4788-A83F-47164816126D}.Debug|Any CPU.ActiveCfg = Debug|Any CPU
		{39157C53-3D66-4788-A83F-47164816126D}.Debug|Any CPU.Build.0 = Debug|Any CPU
		{39157C53-3D66-4788-A83F-47164816126D}.Debug|Mac.ActiveCfg = Debug|Any CPU
		{39157C53-3D66-4788-A83F-47164816126D}.Debug|Mac.Build.0 = Debug|Any CPU
		{39157C53-3D66-4788-A83F-47164816126D}.Debug|Win.ActiveCfg = Debug|Any CPU
		{39157C53-3D66-4788-A83F-47164816126D}.Debug|Win.Build.0 = Debug|Any CPU
		{39157C53-3D66-4788-A83F-47164816126D}.Release|Any CPU.ActiveCfg = Release|Any CPU
		{39157C53-3D66-4788-A83F-47164816126D}.Release|Any CPU.Build.0 = Release|Any CPU
		{39157C53-3D66-4788-A83F-47164816126D}.Release|Mac.ActiveCfg = Release|Any CPU
		{39157C53-3D66-4788-A83F-47164816126D}.Release|Mac.Build.0 = Release|Any CPU
		{39157C53-3D66-4788-A83F-47164816126D}.Release|Win.ActiveCfg = Release|Any CPU
		{39157C53-3D66-4788-A83F-47164816126D}.Release|Win.Build.0 = Release|Any CPU
		{59674380-9CC7-4015-BC8F-1234FDE4C36D}.Debug|Any CPU.ActiveCfg = Debug|Any CPU
		{59674380-9CC7-4015-BC8F-1234FDE4C36D}.Debug|Any CPU.Build.0 = Debug|Any CPU
		{59674380-9CC7-4015-BC8F-1234FDE4C36D}.Debug|Mac.ActiveCfg = Debug|Any CPU
		{59674380-9CC7-4015-BC8F-1234FDE4C36D}.Debug|Mac.Build.0 = Debug|Any CPU
		{59674380-9CC7-4015-BC8F-1234FDE4C36D}.Debug|Win.ActiveCfg = Debug|Any CPU
		{59674380-9CC7-4015-BC8F-1234FDE4C36D}.Debug|Win.Build.0 = Debug|Any CPU
		{59674380-9CC7-4015-BC8F-1234FDE4C36D}.Release|Any CPU.ActiveCfg = Release|Any CPU
		{59674380-9CC7-4015-BC8F-1234FDE4C36D}.Release|Any CPU.Build.0 = Release|Any CPU
		{59674380-9CC7-4015-BC8F-1234FDE4C36D}.Release|Mac.ActiveCfg = Release|Any CPU
		{59674380-9CC7-4015-BC8F-1234FDE4C36D}.Release|Mac.Build.0 = Release|Any CPU
		{59674380-9CC7-4015-BC8F-1234FDE4C36D}.Release|Win.ActiveCfg = Release|Any CPU
		{59674380-9CC7-4015-BC8F-1234FDE4C36D}.Release|Win.Build.0 = Release|Any CPU
		{7EE38C2E-05CE-49EC-9FFF-6A32BCFE4E29}.Debug|Any CPU.ActiveCfg = Debug|Any CPU
		{7EE38C2E-05CE-49EC-9FFF-6A32BCFE4E29}.Debug|Any CPU.Build.0 = Debug|Any CPU
		{7EE38C2E-05CE-49EC-9FFF-6A32BCFE4E29}.Debug|Mac.ActiveCfg = Debug|Any CPU
		{7EE38C2E-05CE-49EC-9FFF-6A32BCFE4E29}.Debug|Win.ActiveCfg = Debug|Any CPU
		{7EE38C2E-05CE-49EC-9FFF-6A32BCFE4E29}.Debug|Win.Build.0 = Debug|Any CPU
		{7EE38C2E-05CE-49EC-9FFF-6A32BCFE4E29}.Release|Any CPU.ActiveCfg = Release|Any CPU
		{7EE38C2E-05CE-49EC-9FFF-6A32BCFE4E29}.Release|Any CPU.Build.0 = Release|Any CPU
		{7EE38C2E-05CE-49EC-9FFF-6A32BCFE4E29}.Release|Mac.ActiveCfg = Release|Any CPU
		{7EE38C2E-05CE-49EC-9FFF-6A32BCFE4E29}.Release|Win.ActiveCfg = Release|Any CPU
		{7EE38C2E-05CE-49EC-9FFF-6A32BCFE4E29}.Release|Win.Build.0 = Release|Any CPU
		{385402D3-5C30-4BEC-AF9E-619B57BB867B}.Debug|Any CPU.ActiveCfg = Debug|Any CPU
		{385402D3-5C30-4BEC-AF9E-619B57BB867B}.Debug|Any CPU.Build.0 = Debug|Any CPU
		{385402D3-5C30-4BEC-AF9E-619B57BB867B}.Debug|Mac.ActiveCfg = Debug|Any CPU
		{385402D3-5C30-4BEC-AF9E-619B57BB867B}.Debug|Win.ActiveCfg = Debug|Any CPU
		{385402D3-5C30-4BEC-AF9E-619B57BB867B}.Debug|Win.Build.0 = Debug|Any CPU
		{385402D3-5C30-4BEC-AF9E-619B57BB867B}.Release|Any CPU.ActiveCfg = Release|Any CPU
		{385402D3-5C30-4BEC-AF9E-619B57BB867B}.Release|Any CPU.Build.0 = Release|Any CPU
		{385402D3-5C30-4BEC-AF9E-619B57BB867B}.Release|Mac.ActiveCfg = Release|Any CPU
		{385402D3-5C30-4BEC-AF9E-619B57BB867B}.Release|Win.ActiveCfg = Release|Any CPU
		{385402D3-5C30-4BEC-AF9E-619B57BB867B}.Release|Win.Build.0 = Release|Any CPU
		{3A201758-1E00-48C8-8E97-C37BAACCF634}.Debug|Any CPU.ActiveCfg = Debug|Any CPU
		{3A201758-1E00-48C8-8E97-C37BAACCF634}.Debug|Any CPU.Build.0 = Debug|Any CPU
		{3A201758-1E00-48C8-8E97-C37BAACCF634}.Debug|Mac.ActiveCfg = Debug|Any CPU
		{3A201758-1E00-48C8-8E97-C37BAACCF634}.Debug|Win.ActiveCfg = Debug|Any CPU
		{3A201758-1E00-48C8-8E97-C37BAACCF634}.Debug|Win.Build.0 = Debug|Any CPU
		{3A201758-1E00-48C8-8E97-C37BAACCF634}.Release|Any CPU.ActiveCfg = Release|Any CPU
		{3A201758-1E00-48C8-8E97-C37BAACCF634}.Release|Any CPU.Build.0 = Release|Any CPU
		{3A201758-1E00-48C8-8E97-C37BAACCF634}.Release|Mac.ActiveCfg = Release|Any CPU
		{3A201758-1E00-48C8-8E97-C37BAACCF634}.Release|Win.ActiveCfg = Release|Any CPU
		{3A201758-1E00-48C8-8E97-C37BAACCF634}.Release|Win.Build.0 = Release|Any CPU
		{44A3C958-87FC-4D55-ADEE-A0E43E76B112}.Debug|Any CPU.ActiveCfg = Debug|Any CPU
		{44A3C958-87FC-4D55-ADEE-A0E43E76B112}.Debug|Any CPU.Build.0 = Debug|Any CPU
		{44A3C958-87FC-4D55-ADEE-A0E43E76B112}.Debug|Mac.ActiveCfg = Debug|Any CPU
		{44A3C958-87FC-4D55-ADEE-A0E43E76B112}.Debug|Mac.Build.0 = Debug|Any CPU
		{44A3C958-87FC-4D55-ADEE-A0E43E76B112}.Debug|Win.ActiveCfg = Debug|Any CPU
		{44A3C958-87FC-4D55-ADEE-A0E43E76B112}.Debug|Win.Build.0 = Debug|Any CPU
		{44A3C958-87FC-4D55-ADEE-A0E43E76B112}.Release|Any CPU.ActiveCfg = Release|Any CPU
		{44A3C958-87FC-4D55-ADEE-A0E43E76B112}.Release|Any CPU.Build.0 = Release|Any CPU
		{44A3C958-87FC-4D55-ADEE-A0E43E76B112}.Release|Mac.ActiveCfg = Release|Any CPU
		{44A3C958-87FC-4D55-ADEE-A0E43E76B112}.Release|Mac.Build.0 = Release|Any CPU
		{44A3C958-87FC-4D55-ADEE-A0E43E76B112}.Release|Win.ActiveCfg = Release|Any CPU
		{44A3C958-87FC-4D55-ADEE-A0E43E76B112}.Release|Win.Build.0 = Release|Any CPU
		{16F15A31-0C93-45F8-939C-05F1E4AFF054}.Debug|Any CPU.ActiveCfg = Debug|Any CPU
		{16F15A31-0C93-45F8-939C-05F1E4AFF054}.Debug|Any CPU.Build.0 = Debug|Any CPU
		{16F15A31-0C93-45F8-939C-05F1E4AFF054}.Debug|Mac.ActiveCfg = Debug|Any CPU
		{16F15A31-0C93-45F8-939C-05F1E4AFF054}.Debug|Mac.Build.0 = Debug|Any CPU
		{16F15A31-0C93-45F8-939C-05F1E4AFF054}.Debug|Win.ActiveCfg = Debug|Any CPU
		{16F15A31-0C93-45F8-939C-05F1E4AFF054}.Debug|Win.Build.0 = Debug|Any CPU
		{16F15A31-0C93-45F8-939C-05F1E4AFF054}.Release|Any CPU.ActiveCfg = Release|Any CPU
		{16F15A31-0C93-45F8-939C-05F1E4AFF054}.Release|Any CPU.Build.0 = Release|Any CPU
		{16F15A31-0C93-45F8-939C-05F1E4AFF054}.Release|Mac.ActiveCfg = Release|Any CPU
		{16F15A31-0C93-45F8-939C-05F1E4AFF054}.Release|Mac.Build.0 = Release|Any CPU
		{16F15A31-0C93-45F8-939C-05F1E4AFF054}.Release|Win.ActiveCfg = Release|Any CPU
		{16F15A31-0C93-45F8-939C-05F1E4AFF054}.Release|Win.Build.0 = Release|Any CPU
		{A9AC68AC-CB9D-4027-8197-0B7798B4A5E2}.Debug|Any CPU.ActiveCfg = Debug|Any CPU
		{A9AC68AC-CB9D-4027-8197-0B7798B4A5E2}.Debug|Any CPU.Build.0 = Debug|Any CPU
		{A9AC68AC-CB9D-4027-8197-0B7798B4A5E2}.Debug|Mac.ActiveCfg = Debug|Any CPU
		{A9AC68AC-CB9D-4027-8197-0B7798B4A5E2}.Debug|Mac.Build.0 = Debug|Any CPU
		{A9AC68AC-CB9D-4027-8197-0B7798B4A5E2}.Debug|Win.ActiveCfg = Debug|Any CPU
		{A9AC68AC-CB9D-4027-8197-0B7798B4A5E2}.Debug|Win.Build.0 = Debug|Any CPU
		{A9AC68AC-CB9D-4027-8197-0B7798B4A5E2}.Release|Any CPU.ActiveCfg = Release|Any CPU
		{A9AC68AC-CB9D-4027-8197-0B7798B4A5E2}.Release|Any CPU.Build.0 = Release|Any CPU
		{A9AC68AC-CB9D-4027-8197-0B7798B4A5E2}.Release|Mac.ActiveCfg = Release|Any CPU
		{A9AC68AC-CB9D-4027-8197-0B7798B4A5E2}.Release|Mac.Build.0 = Release|Any CPU
		{A9AC68AC-CB9D-4027-8197-0B7798B4A5E2}.Release|Win.ActiveCfg = Release|Any CPU
		{A9AC68AC-CB9D-4027-8197-0B7798B4A5E2}.Release|Win.Build.0 = Release|Any CPU
	EndGlobalSection
	GlobalSection(SolutionProperties) = preSolution
		HideSolutionNode = FALSE
	EndGlobalSection
	GlobalSection(ExtensibilityGlobals) = postSolution
		SolutionGuid = {08B69C38-57B9-48A4-BEE2-324C2F4EC200}
	EndGlobalSection
EndGlobal
